
Microsoft Visual Studio Solution File, Format Version 12.00
Project("{FAE04EC0-301F-11D3-BF4B-00C04F79EFBC}") = "try_hellman", "try_hellman\try_hellman.csproj", "{87F6D922-049F-45C2-916B-7DD8E2E714E3}"
EndProject
Global
	GlobalSection(SolutionConfigurationPlatforms) = preSolution
		Debug|Any CPU = Debug|Any CPU
		Release|Any CPU = Release|Any CPU
	EndGlobalSection
	GlobalSection(ProjectConfigurationPlatforms) = postSolution
		{87F6D922-049F-45C2-916B-7DD8E2E714E3}.Debug|Any CPU.ActiveCfg = Debug|Any CPU
		{87F6D922-049F-45C2-916B-7DD8E2E714E3}.Debug|Any CPU.Build.0 = Debug|Any CPU
		{87F6D922-049F-45C2-916B-7DD8E2E714E3}.Release|Any CPU.ActiveCfg = Release|Any CPU
		{87F6D922-049F-45C2-916B-7DD8E2E714E3}.Release|Any CPU.Build.0 = Release|Any CPU
	EndGlobalSection
EndGlobal
